
Microsoft Visual Studio Solution File, Format Version 12.00
# Visual Studio 15
VisualStudioVersion = 15.0.27130.2036
MinimumVisualStudioVersion = 10.0.40219.1
Project("{FAE04EC0-301F-11D3-BF4B-00C04F79EFBC}") = "ZUTSchedule.desktop", "ZUTSchedule.desktop\ZUTSchedule.desktop.csproj", "{A0678C21-9530-4FCD-8600-51B32464EFB1}"
EndProject
Project("{9A19103F-16F7-4668-BE54-9A1E7A4F7556}") = "ZUTSchedule.core", "ZUTSchedule.core\ZUTSchedule.core.csproj", "{47930F30-4C49-4535-BA6D-B5E5934D6769}"
EndProject
Project("{9A19103F-16F7-4668-BE54-9A1E7A4F7556}") = "Simple.Xamarin.Framework", "..\..\Simple.Xamarin.Framework\Simple.Xamarin.Framework\Simple.Xamarin.Framework.csproj", "{28FD990D-E026-4048-A656-05F9599FD434}"
EndProject
Global
	GlobalSection(SolutionConfigurationPlatforms) = preSolution
		Ad-Hoc|Any CPU = Ad-Hoc|Any CPU
		Ad-Hoc|iPhone = Ad-Hoc|iPhone
		Ad-Hoc|iPhoneSimulator = Ad-Hoc|iPhoneSimulator
		AppStore|Any CPU = AppStore|Any CPU
		AppStore|iPhone = AppStore|iPhone
		AppStore|iPhoneSimulator = AppStore|iPhoneSimulator
		Debug|Any CPU = Debug|Any CPU
		Debug|iPhone = Debug|iPhone
		Debug|iPhoneSimulator = Debug|iPhoneSimulator
		Release|Any CPU = Release|Any CPU
		Release|iPhone = Release|iPhone
		Release|iPhoneSimulator = Release|iPhoneSimulator
	EndGlobalSection
	GlobalSection(ProjectConfigurationPlatforms) = postSolution
		{A0678C21-9530-4FCD-8600-51B32464EFB1}.Ad-Hoc|Any CPU.ActiveCfg = Release|Any CPU
		{A0678C21-9530-4FCD-8600-51B32464EFB1}.Ad-Hoc|Any CPU.Build.0 = Release|Any CPU
		{A0678C21-9530-4FCD-8600-51B32464EFB1}.Ad-Hoc|iPhone.ActiveCfg = Release|Any CPU
		{A0678C21-9530-4FCD-8600-51B32464EFB1}.Ad-Hoc|iPhone.Build.0 = Release|Any CPU
		{A0678C21-9530-4FCD-8600-51B32464EFB1}.Ad-Hoc|iPhoneSimulator.ActiveCfg = Release|Any CPU
		{A0678C21-9530-4FCD-8600-51B32464EFB1}.Ad-Hoc|iPhoneSimulator.Build.0 = Release|Any CPU
		{A0678C21-9530-4FCD-8600-51B32464EFB1}.AppStore|Any CPU.ActiveCfg = Release|Any CPU
		{A0678C21-9530-4FCD-8600-51B32464EFB1}.AppStore|Any CPU.Build.0 = Release|Any CPU
		{A0678C21-9530-4FCD-8600-51B32464EFB1}.AppStore|iPhone.ActiveCfg = Release|Any CPU
		{A0678C21-9530-4FCD-8600-51B32464EFB1}.AppStore|iPhone.Build.0 = Release|Any CPU
		{A0678C21-9530-4FCD-8600-51B32464EFB1}.AppStore|iPhoneSimulator.ActiveCfg = Release|Any CPU
		{A0678C21-9530-4FCD-8600-51B32464EFB1}.AppStore|iPhoneSimulator.Build.0 = Release|Any CPU
		{A0678C21-9530-4FCD-8600-51B32464EFB1}.Debug|Any CPU.ActiveCfg = Debug|Any CPU
		{A0678C21-9530-4FCD-8600-51B32464EFB1}.Debug|Any CPU.Build.0 = Debug|Any CPU
		{A0678C21-9530-4FCD-8600-51B32464EFB1}.Debug|iPhone.ActiveCfg = Debug|Any CPU
		{A0678C21-9530-4FCD-8600-51B32464EFB1}.Debug|iPhone.Build.0 = Debug|Any CPU
		{A0678C21-9530-4FCD-8600-51B32464EFB1}.Debug|iPhoneSimulator.ActiveCfg = Debug|Any CPU
		{A0678C21-9530-4FCD-8600-51B32464EFB1}.Debug|iPhoneSimulator.Build.0 = Debug|Any CPU
		{A0678C21-9530-4FCD-8600-51B32464EFB1}.Release|Any CPU.ActiveCfg = Release|Any CPU
		{A0678C21-9530-4FCD-8600-51B32464EFB1}.Release|Any CPU.Build.0 = Release|Any CPU
		{A0678C21-9530-4FCD-8600-51B32464EFB1}.Release|iPhone.ActiveCfg = Release|Any CPU
		{A0678C21-9530-4FCD-8600-51B32464EFB1}.Release|iPhone.Build.0 = Release|Any CPU
		{A0678C21-9530-4FCD-8600-51B32464EFB1}.Release|iPhoneSimulator.ActiveCfg = Release|Any CPU
		{A0678C21-9530-4FCD-8600-51B32464EFB1}.Release|iPhoneSimulator.Build.0 = Release|Any CPU
		{47930F30-4C49-4535-BA6D-B5E5934D6769}.Ad-Hoc|Any CPU.ActiveCfg = Debug|Any CPU
		{47930F30-4C49-4535-BA6D-B5E5934D6769}.Ad-Hoc|Any CPU.Build.0 = Debug|Any CPU
		{47930F30-4C49-4535-BA6D-B5E5934D6769}.Ad-Hoc|iPhone.ActiveCfg = Debug|Any CPU
		{47930F30-4C49-4535-BA6D-B5E5934D6769}.Ad-Hoc|iPhone.Build.0 = Debug|Any CPU
		{47930F30-4C49-4535-BA6D-B5E5934D6769}.Ad-Hoc|iPhoneSimulator.ActiveCfg = Debug|Any CPU
		{47930F30-4C49-4535-BA6D-B5E5934D6769}.Ad-Hoc|iPhoneSimulator.Build.0 = Debug|Any CPU
		{47930F30-4C49-4535-BA6D-B5E5934D6769}.AppStore|Any CPU.ActiveCfg = Debug|Any CPU
		{47930F30-4C49-4535-BA6D-B5E5934D6769}.AppStore|Any CPU.Build.0 = Debug|Any CPU
		{47930F30-4C49-4535-BA6D-B5E5934D6769}.AppStore|iPhone.ActiveCfg = Debug|Any CPU
		{47930F30-4C49-4535-BA6D-B5E5934D6769}.AppStore|iPhone.Build.0 = Debug|Any CPU
		{47930F30-4C49-4535-BA6D-B5E5934D6769}.AppStore|iPhoneSimulator.ActiveCfg = Debug|Any CPU
		{47930F30-4C49-4535-BA6D-B5E5934D6769}.AppStore|iPhoneSimulator.Build.0 = Debug|Any CPU
		{47930F30-4C49-4535-BA6D-B5E5934D6769}.Debug|Any CPU.ActiveCfg = Debug|Any CPU
		{47930F30-4C49-4535-BA6D-B5E5934D6769}.Debug|Any CPU.Build.0 = Debug|Any CPU
		{47930F30-4C49-4535-BA6D-B5E5934D6769}.Debug|iPhone.ActiveCfg = Debug|Any CPU
		{47930F30-4C49-4535-BA6D-B5E5934D6769}.Debug|iPhone.Build.0 = Debug|Any CPU
		{47930F30-4C49-4535-BA6D-B5E5934D6769}.Debug|iPhoneSimulator.ActiveCfg = Debug|Any CPU
		{47930F30-4C49-4535-BA6D-B5E5934D6769}.Debug|iPhoneSimulator.Build.0 = Debug|Any CPU
		{47930F30-4C49-4535-BA6D-B5E5934D6769}.Release|Any CPU.ActiveCfg = Release|Any CPU
		{47930F30-4C49-4535-BA6D-B5E5934D6769}.Release|Any CPU.Build.0 = Release|Any CPU
		{47930F30-4C49-4535-BA6D-B5E5934D6769}.Release|iPhone.ActiveCfg = Release|Any CPU
		{47930F30-4C49-4535-BA6D-B5E5934D6769}.Release|iPhone.Build.0 = Release|Any CPU
		{47930F30-4C49-4535-BA6D-B5E5934D6769}.Release|iPhoneSimulator.ActiveCfg = Release|Any CPU
		{47930F30-4C49-4535-BA6D-B5E5934D6769}.Release|iPhoneSimulator.Build.0 = Release|Any CPU
		{28FD990D-E026-4048-A656-05F9599FD434}.Ad-Hoc|Any CPU.ActiveCfg = Debug|Any CPU
		{28FD990D-E026-4048-A656-05F9599FD434}.Ad-Hoc|Any CPU.Build.0 = Debug|Any CPU
		{28FD990D-E026-4048-A656-05F9599FD434}.Ad-Hoc|iPhone.ActiveCfg = Debug|Any CPU
		{28FD990D-E026-4048-A656-05F9599FD434}.Ad-Hoc|iPhone.Build.0 = Debug|Any CPU
		{28FD990D-E026-4048-A656-05F9599FD434}.Ad-Hoc|iPhoneSimulator.ActiveCfg = Debug|Any CPU
		{28FD990D-E026-4048-A656-05F9599FD434}.Ad-Hoc|iPhoneSimulator.Build.0 = Debug|Any CPU
		{28FD990D-E026-4048-A656-05F9599FD434}.AppStore|Any CPU.ActiveCfg = Debug|Any CPU
		{28FD990D-E026-4048-A656-05F9599FD434}.AppStore|Any CPU.Build.0 = Debug|Any CPU
		{28FD990D-E026-4048-A656-05F9599FD434}.AppStore|iPhone.ActiveCfg = Debug|Any CPU
		{28FD990D-E026-4048-A656-05F9599FD434}.AppStore|iPhone.Build.0 = Debug|Any CPU
		{28FD990D-E026-4048-A656-05F9599FD434}.AppStore|iPhoneSimulator.ActiveCfg = Debug|Any CPU
		{28FD990D-E026-4048-A656-05F9599FD434}.AppStore|iPhoneSimulator.Build.0 = Debug|Any CPU
		{28FD990D-E026-4048-A656-05F9599FD434}.Debug|Any CPU.ActiveCfg = Debug|Any CPU
		{28FD990D-E026-4048-A656-05F9599FD434}.Debug|Any CPU.Build.0 = Debug|Any CPU
		{28FD990D-E026-4048-A656-05F9599FD434}.Debug|iPhone.ActiveCfg = Debug|Any CPU
		{28FD990D-E026-4048-A656-05F9599FD434}.Debug|iPhone.Build.0 = Debug|Any CPU
		{28FD990D-E026-4048-A656-05F9599FD434}.Debug|iPhoneSimulator.ActiveCfg = Debug|Any CPU
		{28FD990D-E026-4048-A656-05F9599FD434}.Debug|iPhoneSimulator.Build.0 = Debug|Any CPU
		{28FD990D-E026-4048-A656-05F9599FD434}.Release|Any CPU.ActiveCfg = Release|Any CPU
		{28FD990D-E026-4048-A656-05F9599FD434}.Release|Any CPU.Build.0 = Release|Any CPU
		{28FD990D-E026-4048-A656-05F9599FD434}.Release|iPhone.ActiveCfg = Release|Any CPU
		{28FD990D-E026-4048-A656-05F9599FD434}.Release|iPhone.Build.0 = Release|Any CPU
		{28FD990D-E026-4048-A656-05F9599FD434}.Release|iPhoneSimulator.ActiveCfg = Release|Any CPU
		{28FD990D-E026-4048-A656-05F9599FD434}.Release|iPhoneSimulator.Build.0 = Release|Any CPU
	EndGlobalSection
	GlobalSection(SolutionProperties) = preSolution
		HideSolutionNode = FALSE
	EndGlobalSection
	GlobalSection(ExtensibilityGlobals) = postSolution
		SolutionGuid = {562BE211-BDFF-4BA5-87B0-01A3DB1CCB60}
	EndGlobalSection
EndGlobal
