
Microsoft Visual Studio Solution File, Format Version 12.00
# Visual Studio 15
VisualStudioVersion = 15.0.27130.2036
MinimumVisualStudioVersion = 10.0.40219.1
Project("{FAE04EC0-301F-11D3-BF4B-00C04F79EFBC}") = "ZUTSchedule.desktop", "ZUTSchedule.desktop\ZUTSchedule.desktop.csproj", "{A0678C21-9530-4FCD-8600-51B32464EFB1}"
EndProject
Project("{9A19103F-16F7-4668-BE54-9A1E7A4F7556}") = "ZUTSchedule.core", "ZUTSchedule.core\ZUTSchedule.core.csproj", "{47930F30-4C49-4535-BA6D-B5E5934D6769}"
EndProject
Project("{FAE04EC0-301F-11D3-BF4B-00C04F79EFBC}") = "ZUTSchedule.mobile.Android", "ZUTSchedule.mobile\ZUTSchedule.mobile.Android\ZUTSchedule.mobile.Android.csproj", "{303D2E88-D53C-4FC9-9A18-5A7F1DFBCF29}"
EndProject
Project("{FAE04EC0-301F-11D3-BF4B-00C04F79EFBC}") = "ZUTSchedule.mobile.iOS", "ZUTSchedule.mobile\ZUTSchedule.mobile.iOS\ZUTSchedule.mobile.iOS.csproj", "{B0592E96-65F0-45E7-ADB2-97452F506080}"
EndProject
Project("{9A19103F-16F7-4668-BE54-9A1E7A4F7556}") = "ZUTSchedule.mobile", "ZUTSchedule.mobile\ZUTSchedule.mobile\ZUTSchedule.mobile.csproj", "{CF6412B5-5BD2-446C-8C1D-33B16893E01E}"
EndProject
Global
	GlobalSection(SolutionConfigurationPlatforms) = preSolution
		Ad-Hoc|Any CPU = Ad-Hoc|Any CPU
		Ad-Hoc|iPhone = Ad-Hoc|iPhone
		Ad-Hoc|iPhoneSimulator = Ad-Hoc|iPhoneSimulator
		AppStore|Any CPU = AppStore|Any CPU
		AppStore|iPhone = AppStore|iPhone
		AppStore|iPhoneSimulator = AppStore|iPhoneSimulator
		Debug|Any CPU = Debug|Any CPU
		Debug|iPhone = Debug|iPhone
		Debug|iPhoneSimulator = Debug|iPhoneSimulator
		Release|Any CPU = Release|Any CPU
		Release|iPhone = Release|iPhone
		Release|iPhoneSimulator = Release|iPhoneSimulator
	EndGlobalSection
	GlobalSection(ProjectConfigurationPlatforms) = postSolution
		{A0678C21-9530-4FCD-8600-51B32464EFB1}.Ad-Hoc|Any CPU.ActiveCfg = Release|Any CPU
		{A0678C21-9530-4FCD-8600-51B32464EFB1}.Ad-Hoc|Any CPU.Build.0 = Release|Any CPU
		{A0678C21-9530-4FCD-8600-51B32464EFB1}.Ad-Hoc|iPhone.ActiveCfg = Release|Any CPU
		{A0678C21-9530-4FCD-8600-51B32464EFB1}.Ad-Hoc|iPhone.Build.0 = Release|Any CPU
		{A0678C21-9530-4FCD-8600-51B32464EFB1}.Ad-Hoc|iPhoneSimulator.ActiveCfg = Release|Any CPU
		{A0678C21-9530-4FCD-8600-51B32464EFB1}.Ad-Hoc|iPhoneSimulator.Build.0 = Release|Any CPU
		{A0678C21-9530-4FCD-8600-51B32464EFB1}.AppStore|Any CPU.ActiveCfg = Release|Any CPU
		{A0678C21-9530-4FCD-8600-51B32464EFB1}.AppStore|Any CPU.Build.0 = Release|Any CPU
		{A0678C21-9530-4FCD-8600-51B32464EFB1}.AppStore|iPhone.ActiveCfg = Release|Any CPU
		{A0678C21-9530-4FCD-8600-51B32464EFB1}.AppStore|iPhone.Build.0 = Release|Any CPU
		{A0678C21-9530-4FCD-8600-51B32464EFB1}.AppStore|iPhoneSimulator.ActiveCfg = Release|Any CPU
		{A0678C21-9530-4FCD-8600-51B32464EFB1}.AppStore|iPhoneSimulator.Build.0 = Release|Any CPU
		{A0678C21-9530-4FCD-8600-51B32464EFB1}.Debug|Any CPU.ActiveCfg = Debug|Any CPU
		{A0678C21-9530-4FCD-8600-51B32464EFB1}.Debug|Any CPU.Build.0 = Debug|Any CPU
		{A0678C21-9530-4FCD-8600-51B32464EFB1}.Debug|iPhone.ActiveCfg = Debug|Any CPU
		{A0678C21-9530-4FCD-8600-51B32464EFB1}.Debug|iPhone.Build.0 = Debug|Any CPU
		{A0678C21-9530-4FCD-8600-51B32464EFB1}.Debug|iPhoneSimulator.ActiveCfg = Debug|Any CPU
		{A0678C21-9530-4FCD-8600-51B32464EFB1}.Debug|iPhoneSimulator.Build.0 = Debug|Any CPU
		{A0678C21-9530-4FCD-8600-51B32464EFB1}.Release|Any CPU.ActiveCfg = Release|Any CPU
		{A0678C21-9530-4FCD-8600-51B32464EFB1}.Release|Any CPU.Build.0 = Release|Any CPU
		{A0678C21-9530-4FCD-8600-51B32464EFB1}.Release|iPhone.ActiveCfg = Release|Any CPU
		{A0678C21-9530-4FCD-8600-51B32464EFB1}.Release|iPhone.Build.0 = Release|Any CPU
		{A0678C21-9530-4FCD-8600-51B32464EFB1}.Release|iPhoneSimulator.ActiveCfg = Release|Any CPU
		{A0678C21-9530-4FCD-8600-51B32464EFB1}.Release|iPhoneSimulator.Build.0 = Release|Any CPU
		{47930F30-4C49-4535-BA6D-B5E5934D6769}.Ad-Hoc|Any CPU.ActiveCfg = Debug|Any CPU
		{47930F30-4C49-4535-BA6D-B5E5934D6769}.Ad-Hoc|Any CPU.Build.0 = Debug|Any CPU
		{47930F30-4C49-4535-BA6D-B5E5934D6769}.Ad-Hoc|iPhone.ActiveCfg = Debug|Any CPU
		{47930F30-4C49-4535-BA6D-B5E5934D6769}.Ad-Hoc|iPhone.Build.0 = Debug|Any CPU
		{47930F30-4C49-4535-BA6D-B5E5934D6769}.Ad-Hoc|iPhoneSimulator.ActiveCfg = Debug|Any CPU
		{47930F30-4C49-4535-BA6D-B5E5934D6769}.Ad-Hoc|iPhoneSimulator.Build.0 = Debug|Any CPU
		{47930F30-4C49-4535-BA6D-B5E5934D6769}.AppStore|Any CPU.ActiveCfg = Debug|Any CPU
		{47930F30-4C49-4535-BA6D-B5E5934D6769}.AppStore|Any CPU.Build.0 = Debug|Any CPU
		{47930F30-4C49-4535-BA6D-B5E5934D6769}.AppStore|iPhone.ActiveCfg = Debug|Any CPU
		{47930F30-4C49-4535-BA6D-B5E5934D6769}.AppStore|iPhone.Build.0 = Debug|Any CPU
		{47930F30-4C49-4535-BA6D-B5E5934D6769}.AppStore|iPhoneSimulator.ActiveCfg = Debug|Any CPU
		{47930F30-4C49-4535-BA6D-B5E5934D6769}.AppStore|iPhoneSimulator.Build.0 = Debug|Any CPU
		{47930F30-4C49-4535-BA6D-B5E5934D6769}.Debug|Any CPU.ActiveCfg = Debug|Any CPU
		{47930F30-4C49-4535-BA6D-B5E5934D6769}.Debug|Any CPU.Build.0 = Debug|Any CPU
		{47930F30-4C49-4535-BA6D-B5E5934D6769}.Debug|iPhone.ActiveCfg = Debug|Any CPU
		{47930F30-4C49-4535-BA6D-B5E5934D6769}.Debug|iPhone.Build.0 = Debug|Any CPU
		{47930F30-4C49-4535-BA6D-B5E5934D6769}.Debug|iPhoneSimulator.ActiveCfg = Debug|Any CPU
		{47930F30-4C49-4535-BA6D-B5E5934D6769}.Debug|iPhoneSimulator.Build.0 = Debug|Any CPU
		{47930F30-4C49-4535-BA6D-B5E5934D6769}.Release|Any CPU.ActiveCfg = Release|Any CPU
		{47930F30-4C49-4535-BA6D-B5E5934D6769}.Release|Any CPU.Build.0 = Release|Any CPU
		{47930F30-4C49-4535-BA6D-B5E5934D6769}.Release|iPhone.ActiveCfg = Release|Any CPU
		{47930F30-4C49-4535-BA6D-B5E5934D6769}.Release|iPhone.Build.0 = Release|Any CPU
		{47930F30-4C49-4535-BA6D-B5E5934D6769}.Release|iPhoneSimulator.ActiveCfg = Release|Any CPU
		{47930F30-4C49-4535-BA6D-B5E5934D6769}.Release|iPhoneSimulator.Build.0 = Release|Any CPU
		{303D2E88-D53C-4FC9-9A18-5A7F1DFBCF29}.Ad-Hoc|Any CPU.ActiveCfg = Release|Any CPU
		{303D2E88-D53C-4FC9-9A18-5A7F1DFBCF29}.Ad-Hoc|Any CPU.Build.0 = Release|Any CPU
		{303D2E88-D53C-4FC9-9A18-5A7F1DFBCF29}.Ad-Hoc|Any CPU.Deploy.0 = Release|Any CPU
		{303D2E88-D53C-4FC9-9A18-5A7F1DFBCF29}.Ad-Hoc|iPhone.ActiveCfg = Release|Any CPU
		{303D2E88-D53C-4FC9-9A18-5A7F1DFBCF29}.Ad-Hoc|iPhone.Build.0 = Release|Any CPU
		{303D2E88-D53C-4FC9-9A18-5A7F1DFBCF29}.Ad-Hoc|iPhone.Deploy.0 = Release|Any CPU
		{303D2E88-D53C-4FC9-9A18-5A7F1DFBCF29}.Ad-Hoc|iPhoneSimulator.ActiveCfg = Release|Any CPU
		{303D2E88-D53C-4FC9-9A18-5A7F1DFBCF29}.Ad-Hoc|iPhoneSimulator.Build.0 = Release|Any CPU
		{303D2E88-D53C-4FC9-9A18-5A7F1DFBCF29}.Ad-Hoc|iPhoneSimulator.Deploy.0 = Release|Any CPU
		{303D2E88-D53C-4FC9-9A18-5A7F1DFBCF29}.AppStore|Any CPU.ActiveCfg = Release|Any CPU
		{303D2E88-D53C-4FC9-9A18-5A7F1DFBCF29}.AppStore|Any CPU.Build.0 = Release|Any CPU
		{303D2E88-D53C-4FC9-9A18-5A7F1DFBCF29}.AppStore|Any CPU.Deploy.0 = Release|Any CPU
		{303D2E88-D53C-4FC9-9A18-5A7F1DFBCF29}.AppStore|iPhone.ActiveCfg = Release|Any CPU
		{303D2E88-D53C-4FC9-9A18-5A7F1DFBCF29}.AppStore|iPhone.Build.0 = Release|Any CPU
		{303D2E88-D53C-4FC9-9A18-5A7F1DFBCF29}.AppStore|iPhone.Deploy.0 = Release|Any CPU
		{303D2E88-D53C-4FC9-9A18-5A7F1DFBCF29}.AppStore|iPhoneSimulator.ActiveCfg = Release|Any CPU
		{303D2E88-D53C-4FC9-9A18-5A7F1DFBCF29}.AppStore|iPhoneSimulator.Build.0 = Release|Any CPU
		{303D2E88-D53C-4FC9-9A18-5A7F1DFBCF29}.AppStore|iPhoneSimulator.Deploy.0 = Release|Any CPU
		{303D2E88-D53C-4FC9-9A18-5A7F1DFBCF29}.Debug|Any CPU.ActiveCfg = Debug|Any CPU
		{303D2E88-D53C-4FC9-9A18-5A7F1DFBCF29}.Debug|Any CPU.Build.0 = Debug|Any CPU
		{303D2E88-D53C-4FC9-9A18-5A7F1DFBCF29}.Debug|Any CPU.Deploy.0 = Debug|Any CPU
		{303D2E88-D53C-4FC9-9A18-5A7F1DFBCF29}.Debug|iPhone.ActiveCfg = Debug|Any CPU
		{303D2E88-D53C-4FC9-9A18-5A7F1DFBCF29}.Debug|iPhone.Build.0 = Debug|Any CPU
		{303D2E88-D53C-4FC9-9A18-5A7F1DFBCF29}.Debug|iPhone.Deploy.0 = Debug|Any CPU
		{303D2E88-D53C-4FC9-9A18-5A7F1DFBCF29}.Debug|iPhoneSimulator.ActiveCfg = Debug|Any CPU
		{303D2E88-D53C-4FC9-9A18-5A7F1DFBCF29}.Debug|iPhoneSimulator.Build.0 = Debug|Any CPU
		{303D2E88-D53C-4FC9-9A18-5A7F1DFBCF29}.Debug|iPhoneSimulator.Deploy.0 = Debug|Any CPU
		{303D2E88-D53C-4FC9-9A18-5A7F1DFBCF29}.Release|Any CPU.ActiveCfg = Release|Any CPU
		{303D2E88-D53C-4FC9-9A18-5A7F1DFBCF29}.Release|Any CPU.Build.0 = Release|Any CPU
		{303D2E88-D53C-4FC9-9A18-5A7F1DFBCF29}.Release|Any CPU.Deploy.0 = Release|Any CPU
		{303D2E88-D53C-4FC9-9A18-5A7F1DFBCF29}.Release|iPhone.ActiveCfg = Release|Any CPU
		{303D2E88-D53C-4FC9-9A18-5A7F1DFBCF29}.Release|iPhone.Build.0 = Release|Any CPU
		{303D2E88-D53C-4FC9-9A18-5A7F1DFBCF29}.Release|iPhone.Deploy.0 = Release|Any CPU
		{303D2E88-D53C-4FC9-9A18-5A7F1DFBCF29}.Release|iPhoneSimulator.ActiveCfg = Release|Any CPU
		{303D2E88-D53C-4FC9-9A18-5A7F1DFBCF29}.Release|iPhoneSimulator.Build.0 = Release|Any CPU
		{303D2E88-D53C-4FC9-9A18-5A7F1DFBCF29}.Release|iPhoneSimulator.Deploy.0 = Release|Any CPU
		{B0592E96-65F0-45E7-ADB2-97452F506080}.Ad-Hoc|Any CPU.ActiveCfg = Ad-Hoc|iPhone
		{B0592E96-65F0-45E7-ADB2-97452F506080}.Ad-Hoc|iPhone.ActiveCfg = Ad-Hoc|iPhone
		{B0592E96-65F0-45E7-ADB2-97452F506080}.Ad-Hoc|iPhone.Build.0 = Ad-Hoc|iPhone
		{B0592E96-65F0-45E7-ADB2-97452F506080}.Ad-Hoc|iPhoneSimulator.ActiveCfg = Ad-Hoc|iPhoneSimulator
		{B0592E96-65F0-45E7-ADB2-97452F506080}.Ad-Hoc|iPhoneSimulator.Build.0 = Ad-Hoc|iPhoneSimulator
		{B0592E96-65F0-45E7-ADB2-97452F506080}.AppStore|Any CPU.ActiveCfg = AppStore|iPhone
		{B0592E96-65F0-45E7-ADB2-97452F506080}.AppStore|iPhone.ActiveCfg = AppStore|iPhone
		{B0592E96-65F0-45E7-ADB2-97452F506080}.AppStore|iPhone.Build.0 = AppStore|iPhone
		{B0592E96-65F0-45E7-ADB2-97452F506080}.AppStore|iPhoneSimulator.ActiveCfg = AppStore|iPhoneSimulator
		{B0592E96-65F0-45E7-ADB2-97452F506080}.AppStore|iPhoneSimulator.Build.0 = AppStore|iPhoneSimulator
		{B0592E96-65F0-45E7-ADB2-97452F506080}.Debug|Any CPU.ActiveCfg = Debug|iPhone
		{B0592E96-65F0-45E7-ADB2-97452F506080}.Debug|iPhone.ActiveCfg = Debug|iPhone
		{B0592E96-65F0-45E7-ADB2-97452F506080}.Debug|iPhone.Build.0 = Debug|iPhone
		{B0592E96-65F0-45E7-ADB2-97452F506080}.Debug|iPhoneSimulator.ActiveCfg = Debug|iPhoneSimulator
		{B0592E96-65F0-45E7-ADB2-97452F506080}.Debug|iPhoneSimulator.Build.0 = Debug|iPhoneSimulator
		{B0592E96-65F0-45E7-ADB2-97452F506080}.Release|Any CPU.ActiveCfg = Release|iPhone
		{B0592E96-65F0-45E7-ADB2-97452F506080}.Release|iPhone.ActiveCfg = Release|iPhone
		{B0592E96-65F0-45E7-ADB2-97452F506080}.Release|iPhone.Build.0 = Release|iPhone
		{B0592E96-65F0-45E7-ADB2-97452F506080}.Release|iPhoneSimulator.ActiveCfg = Release|iPhoneSimulator
		{B0592E96-65F0-45E7-ADB2-97452F506080}.Release|iPhoneSimulator.Build.0 = Release|iPhoneSimulator
		{CF6412B5-5BD2-446C-8C1D-33B16893E01E}.Ad-Hoc|Any CPU.ActiveCfg = Debug|Any CPU
		{CF6412B5-5BD2-446C-8C1D-33B16893E01E}.Ad-Hoc|Any CPU.Build.0 = Debug|Any CPU
		{CF6412B5-5BD2-446C-8C1D-33B16893E01E}.Ad-Hoc|iPhone.ActiveCfg = Debug|Any CPU
		{CF6412B5-5BD2-446C-8C1D-33B16893E01E}.Ad-Hoc|iPhone.Build.0 = Debug|Any CPU
		{CF6412B5-5BD2-446C-8C1D-33B16893E01E}.Ad-Hoc|iPhoneSimulator.ActiveCfg = Debug|Any CPU
		{CF6412B5-5BD2-446C-8C1D-33B16893E01E}.Ad-Hoc|iPhoneSimulator.Build.0 = Debug|Any CPU
		{CF6412B5-5BD2-446C-8C1D-33B16893E01E}.AppStore|Any CPU.ActiveCfg = Debug|Any CPU
		{CF6412B5-5BD2-446C-8C1D-33B16893E01E}.AppStore|Any CPU.Build.0 = Debug|Any CPU
		{CF6412B5-5BD2-446C-8C1D-33B16893E01E}.AppStore|iPhone.ActiveCfg = Debug|Any CPU
		{CF6412B5-5BD2-446C-8C1D-33B16893E01E}.AppStore|iPhone.Build.0 = Debug|Any CPU
		{CF6412B5-5BD2-446C-8C1D-33B16893E01E}.AppStore|iPhoneSimulator.ActiveCfg = Debug|Any CPU
		{CF6412B5-5BD2-446C-8C1D-33B16893E01E}.AppStore|iPhoneSimulator.Build.0 = Debug|Any CPU
		{CF6412B5-5BD2-446C-8C1D-33B16893E01E}.Debug|Any CPU.ActiveCfg = Debug|Any CPU
		{CF6412B5-5BD2-446C-8C1D-33B16893E01E}.Debug|Any CPU.Build.0 = Debug|Any CPU
		{CF6412B5-5BD2-446C-8C1D-33B16893E01E}.Debug|iPhone.ActiveCfg = Debug|Any CPU
		{CF6412B5-5BD2-446C-8C1D-33B16893E01E}.Debug|iPhone.Build.0 = Debug|Any CPU
		{CF6412B5-5BD2-446C-8C1D-33B16893E01E}.Debug|iPhoneSimulator.ActiveCfg = Debug|Any CPU
		{CF6412B5-5BD2-446C-8C1D-33B16893E01E}.Debug|iPhoneSimulator.Build.0 = Debug|Any CPU
		{CF6412B5-5BD2-446C-8C1D-33B16893E01E}.Release|Any CPU.ActiveCfg = Release|Any CPU
		{CF6412B5-5BD2-446C-8C1D-33B16893E01E}.Release|Any CPU.Build.0 = Release|Any CPU
		{CF6412B5-5BD2-446C-8C1D-33B16893E01E}.Release|iPhone.ActiveCfg = Release|Any CPU
		{CF6412B5-5BD2-446C-8C1D-33B16893E01E}.Release|iPhone.Build.0 = Release|Any CPU
		{CF6412B5-5BD2-446C-8C1D-33B16893E01E}.Release|iPhoneSimulator.ActiveCfg = Release|Any CPU
		{CF6412B5-5BD2-446C-8C1D-33B16893E01E}.Release|iPhoneSimulator.Build.0 = Release|Any CPU
	EndGlobalSection
	GlobalSection(SolutionProperties) = preSolution
		HideSolutionNode = FALSE
	EndGlobalSection
	GlobalSection(ExtensibilityGlobals) = postSolution
		SolutionGuid = {562BE211-BDFF-4BA5-87B0-01A3DB1CCB60}
	EndGlobalSection
EndGlobal
